
Microsoft Visual Studio Solution File, Format Version 12.00
# Visual Studio 15
VisualStudioVersion = 15.0.27130.2026
MinimumVisualStudioVersion = 10.0.40219.1
Project("{FAE04EC0-301F-11D3-BF4B-00C04F79EFBC}") = "IC6.Xamarin.PictureUpload.Android", "IC6.Xamarin.PictureUpload\IC6.Xamarin.PictureUpload.Android\IC6.Xamarin.PictureUpload.Android.csproj", "{44A03C16-C733-4558-89C0-D7C24D4AD724}"
EndProject
Project("{FAE04EC0-301F-11D3-BF4B-00C04F79EFBC}") = "IC6.Xamarin.PictureUpload.UWP", "IC6.Xamarin.PictureUpload\IC6.Xamarin.PictureUpload.UWP\IC6.Xamarin.PictureUpload.UWP.csproj", "{20F0CDC4-79DD-48B8-AF25-D888977580E6}"
EndProject
Project("{FAE04EC0-301F-11D3-BF4B-00C04F79EFBC}") = "IC6.Xamarin.PictureUpload", "IC6.Xamarin.PictureUpload\IC6.Xamarin.PictureUpload\IC6.Xamarin.PictureUpload.csproj", "{FA4D9826-9585-428B-B386-B30EF0F2C54C}"
EndProject
Project("{FAE04EC0-301F-11D3-BF4B-00C04F79EFBC}") = "IC6.Xamarin.WebApi", "IC6.Xamarin.WebApi\IC6.Xamarin.WebApi.csproj", "{6E85B6B2-62E9-4722-A13C-3AAE24814ABF}"
EndProject
Global
	GlobalSection(SolutionConfigurationPlatforms) = preSolution
		Debug|Any CPU = Debug|Any CPU
		Debug|ARM = Debug|ARM
		Debug|x64 = Debug|x64
		Debug|x86 = Debug|x86
		Release|Any CPU = Release|Any CPU
		Release|ARM = Release|ARM
		Release|x64 = Release|x64
		Release|x86 = Release|x86
	EndGlobalSection
	GlobalSection(ProjectConfigurationPlatforms) = postSolution
		{44A03C16-C733-4558-89C0-D7C24D4AD724}.Debug|Any CPU.ActiveCfg = Debug|Any CPU
		{44A03C16-C733-4558-89C0-D7C24D4AD724}.Debug|Any CPU.Build.0 = Debug|Any CPU
		{44A03C16-C733-4558-89C0-D7C24D4AD724}.Debug|Any CPU.Deploy.0 = Debug|Any CPU
		{44A03C16-C733-4558-89C0-D7C24D4AD724}.Debug|ARM.ActiveCfg = Debug|Any CPU
		{44A03C16-C733-4558-89C0-D7C24D4AD724}.Debug|ARM.Build.0 = Debug|Any CPU
		{44A03C16-C733-4558-89C0-D7C24D4AD724}.Debug|ARM.Deploy.0 = Debug|Any CPU
		{44A03C16-C733-4558-89C0-D7C24D4AD724}.Debug|x64.ActiveCfg = Debug|Any CPU
		{44A03C16-C733-4558-89C0-D7C24D4AD724}.Debug|x64.Build.0 = Debug|Any CPU
		{44A03C16-C733-4558-89C0-D7C24D4AD724}.Debug|x64.Deploy.0 = Debug|Any CPU
		{44A03C16-C733-4558-89C0-D7C24D4AD724}.Debug|x86.ActiveCfg = Debug|Any CPU
		{44A03C16-C733-4558-89C0-D7C24D4AD724}.Debug|x86.Build.0 = Debug|Any CPU
		{44A03C16-C733-4558-89C0-D7C24D4AD724}.Debug|x86.Deploy.0 = Debug|Any CPU
		{44A03C16-C733-4558-89C0-D7C24D4AD724}.Release|Any CPU.ActiveCfg = Release|Any CPU
		{44A03C16-C733-4558-89C0-D7C24D4AD724}.Release|Any CPU.Build.0 = Release|Any CPU
		{44A03C16-C733-4558-89C0-D7C24D4AD724}.Release|Any CPU.Deploy.0 = Release|Any CPU
		{44A03C16-C733-4558-89C0-D7C24D4AD724}.Release|ARM.ActiveCfg = Release|Any CPU
		{44A03C16-C733-4558-89C0-D7C24D4AD724}.Release|ARM.Build.0 = Release|Any CPU
		{44A03C16-C733-4558-89C0-D7C24D4AD724}.Release|ARM.Deploy.0 = Release|Any CPU
		{44A03C16-C733-4558-89C0-D7C24D4AD724}.Release|x64.ActiveCfg = Release|Any CPU
		{44A03C16-C733-4558-89C0-D7C24D4AD724}.Release|x64.Build.0 = Release|Any CPU
		{44A03C16-C733-4558-89C0-D7C24D4AD724}.Release|x64.Deploy.0 = Release|Any CPU
		{44A03C16-C733-4558-89C0-D7C24D4AD724}.Release|x86.ActiveCfg = Release|Any CPU
		{44A03C16-C733-4558-89C0-D7C24D4AD724}.Release|x86.Build.0 = Release|Any CPU
		{44A03C16-C733-4558-89C0-D7C24D4AD724}.Release|x86.Deploy.0 = Release|Any CPU
		{20F0CDC4-79DD-48B8-AF25-D888977580E6}.Debug|Any CPU.ActiveCfg = Debug|x86
		{20F0CDC4-79DD-48B8-AF25-D888977580E6}.Debug|ARM.ActiveCfg = Debug|ARM
		{20F0CDC4-79DD-48B8-AF25-D888977580E6}.Debug|ARM.Build.0 = Debug|ARM
		{20F0CDC4-79DD-48B8-AF25-D888977580E6}.Debug|ARM.Deploy.0 = Debug|ARM
		{20F0CDC4-79DD-48B8-AF25-D888977580E6}.Debug|x64.ActiveCfg = Debug|x64
		{20F0CDC4-79DD-48B8-AF25-D888977580E6}.Debug|x64.Build.0 = Debug|x64
		{20F0CDC4-79DD-48B8-AF25-D888977580E6}.Debug|x64.Deploy.0 = Debug|x64
		{20F0CDC4-79DD-48B8-AF25-D888977580E6}.Debug|x86.ActiveCfg = Debug|x86
		{20F0CDC4-79DD-48B8-AF25-D888977580E6}.Debug|x86.Build.0 = Debug|x86
		{20F0CDC4-79DD-48B8-AF25-D888977580E6}.Debug|x86.Deploy.0 = Debug|x86
		{20F0CDC4-79DD-48B8-AF25-D888977580E6}.Release|Any CPU.ActiveCfg = Release|x86
		{20F0CDC4-79DD-48B8-AF25-D888977580E6}.Release|ARM.ActiveCfg = Release|ARM
		{20F0CDC4-79DD-48B8-AF25-D888977580E6}.Release|ARM.Build.0 = Release|ARM
		{20F0CDC4-79DD-48B8-AF25-D888977580E6}.Release|ARM.Deploy.0 = Release|ARM
		{20F0CDC4-79DD-48B8-AF25-D888977580E6}.Release|x64.ActiveCfg = Release|x64
		{20F0CDC4-79DD-48B8-AF25-D888977580E6}.Release|x64.Build.0 = Release|x64
		{20F0CDC4-79DD-48B8-AF25-D888977580E6}.Release|x64.Deploy.0 = Release|x64
		{20F0CDC4-79DD-48B8-AF25-D888977580E6}.Release|x86.ActiveCfg = Release|x86
		{20F0CDC4-79DD-48B8-AF25-D888977580E6}.Release|x86.Build.0 = Release|x86
		{20F0CDC4-79DD-48B8-AF25-D888977580E6}.Release|x86.Deploy.0 = Release|x86
		{FA4D9826-9585-428B-B386-B30EF0F2C54C}.Debug|Any CPU.ActiveCfg = Debug|Any CPU
		{FA4D9826-9585-428B-B386-B30EF0F2C54C}.Debug|Any CPU.Build.0 = Debug|Any CPU
		{FA4D9826-9585-428B-B386-B30EF0F2C54C}.Debug|ARM.ActiveCfg = Debug|Any CPU
		{FA4D9826-9585-428B-B386-B30EF0F2C54C}.Debug|ARM.Build.0 = Debug|Any CPU
		{FA4D9826-9585-428B-B386-B30EF0F2C54C}.Debug|x64.ActiveCfg = Debug|Any CPU
		{FA4D9826-9585-428B-B386-B30EF0F2C54C}.Debug|x64.Build.0 = Debug|Any CPU
		{FA4D9826-9585-428B-B386-B30EF0F2C54C}.Debug|x86.ActiveCfg = Debug|Any CPU
		{FA4D9826-9585-428B-B386-B30EF0F2C54C}.Debug|x86.Build.0 = Debug|Any CPU
		{FA4D9826-9585-428B-B386-B30EF0F2C54C}.Release|Any CPU.ActiveCfg = Release|Any CPU
		{FA4D9826-9585-428B-B386-B30EF0F2C54C}.Release|Any CPU.Build.0 = Release|Any CPU
		{FA4D9826-9585-428B-B386-B30EF0F2C54C}.Release|ARM.ActiveCfg = Release|Any CPU
		{FA4D9826-9585-428B-B386-B30EF0F2C54C}.Release|ARM.Build.0 = Release|Any CPU
		{FA4D9826-9585-428B-B386-B30EF0F2C54C}.Release|x64.ActiveCfg = Release|Any CPU
		{FA4D9826-9585-428B-B386-B30EF0F2C54C}.Release|x64.Build.0 = Release|Any CPU
		{FA4D9826-9585-428B-B386-B30EF0F2C54C}.Release|x86.ActiveCfg = Release|Any CPU
		{FA4D9826-9585-428B-B386-B30EF0F2C54C}.Release|x86.Build.0 = Release|Any CPU
		{6E85B6B2-62E9-4722-A13C-3AAE24814ABF}.Debug|Any CPU.ActiveCfg = Debug|Any CPU
		{6E85B6B2-62E9-4722-A13C-3AAE24814ABF}.Debug|Any CPU.Build.0 = Debug|Any CPU
		{6E85B6B2-62E9-4722-A13C-3AAE24814ABF}.Debug|ARM.ActiveCfg = Debug|Any CPU
		{6E85B6B2-62E9-4722-A13C-3AAE24814ABF}.Debug|ARM.Build.0 = Debug|Any CPU
		{6E85B6B2-62E9-4722-A13C-3AAE24814ABF}.Debug|x64.ActiveCfg = Debug|Any CPU
		{6E85B6B2-62E9-4722-A13C-3AAE24814ABF}.Debug|x64.Build.0 = Debug|Any CPU
		{6E85B6B2-62E9-4722-A13C-3AAE24814ABF}.Debug|x86.ActiveCfg = Debug|Any CPU
		{6E85B6B2-62E9-4722-A13C-3AAE24814ABF}.Debug|x86.Build.0 = Debug|Any CPU
		{6E85B6B2-62E9-4722-A13C-3AAE24814ABF}.Release|Any CPU.ActiveCfg = Release|Any CPU
		{6E85B6B2-62E9-4722-A13C-3AAE24814ABF}.Release|Any CPU.Build.0 = Release|Any CPU
		{6E85B6B2-62E9-4722-A13C-3AAE24814ABF}.Release|ARM.ActiveCfg = Release|Any CPU
		{6E85B6B2-62E9-4722-A13C-3AAE24814ABF}.Release|ARM.Build.0 = Release|Any CPU
		{6E85B6B2-62E9-4722-A13C-3AAE24814ABF}.Release|x64.ActiveCfg = Release|Any CPU
		{6E85B6B2-62E9-4722-A13C-3AAE24814ABF}.Release|x64.Build.0 = Release|Any CPU
		{6E85B6B2-62E9-4722-A13C-3AAE24814ABF}.Release|x86.ActiveCfg = Release|Any CPU
		{6E85B6B2-62E9-4722-A13C-3AAE24814ABF}.Release|x86.Build.0 = Release|Any CPU
	EndGlobalSection
	GlobalSection(SolutionProperties) = preSolution
		HideSolutionNode = FALSE
	EndGlobalSection
	GlobalSection(ExtensibilityGlobals) = postSolution
		SolutionGuid = {B1ED6405-4600-4EA8-958D-D75BC6294BBF}
	EndGlobalSection
EndGlobal
